
Microsoft Visual Studio Solution File, Format Version 12.00
# Visual Studio 15
VisualStudioVersion = 15.0.28307.572
MinimumVisualStudioVersion = 10.0.40219.1
Project("{FAE04EC0-301F-11D3-BF4B-00C04F79EFBC}") = "Predestination", "Predestination\Predestination.csproj", "{E37BEBD2-13CB-463F-86A0-E5169555FAF0}"
EndProject
Global
	GlobalSection(SolutionConfigurationPlatforms) = preSolution
		Debug|Any CPU = Debug|Any CPU
		Release|Any CPU = Release|Any CPU
	EndGlobalSection
	GlobalSection(ProjectConfigurationPlatforms) = postSolution
		{E37BEBD2-13CB-463F-86A0-E5169555FAF0}.Debug|Any CPU.ActiveCfg = Debug|Any CPU
		{E37BEBD2-13CB-463F-86A0-E5169555FAF0}.Debug|Any CPU.Build.0 = Debug|Any CPU
		{E37BEBD2-13CB-463F-86A0-E5169555FAF0}.Release|Any CPU.ActiveCfg = Release|Any CPU
		{E37BEBD2-13CB-463F-86A0-E5169555FAF0}.Release|Any CPU.Build.0 = Release|Any CPU
	EndGlobalSection
	GlobalSection(SolutionProperties) = preSolution
		HideSolutionNode = FALSE
	EndGlobalSection
	GlobalSection(ExtensibilityGlobals) = postSolution
		SolutionGuid = {5156DA4C-33F8-497D-A385-A17F6B5F7403}
	EndGlobalSection
EndGlobal
